PODS:
  - DeployGateSDK (1.0.7)
  - R.swift (4.0.0):
    - R.swift.Library (~> 4.0.0)
  - R.swift.Library (4.0.0)

DEPENDENCIES:
  - DeployGateSDK
  - R.swift

SPEC REPOS:
  https://github.com/cocoapods/specs.git:
    - DeployGateSDK
    - R.swift
    - R.swift.Library

SPEC CHECKSUMS:
  DeployGateSDK: df3d5838db7e35c05a711c35a3bdeef3c2b016ba
  R.swift: d6a5ec2f55a8441dc0ed9f1f8b37d7d11ae85c66
  R.swift.Library: c3af34921024333546e23b70e70d0b4e0cffca75

PODFILE CHECKSUM: 241d1c87d128f9bc096bb745ce2ae0e2c1d2bf19

COCOAPODS: 1.5.3
